
Microsoft Visual Studio Solution File, Format Version 12.00
# Visual Studio Version 16
VisualStudioVersion = 16.0.31321.278
MinimumVisualStudioVersion = 10.0.40219.1
Project("{FAE04EC0-301F-11D3-BF4B-00C04F79EFBC}") = "DemoApi", "DemoApi\DemoApi.csproj", "{2C20F616-6D02-4632-9AB3-030EAA34ACB8}"
EndProject
Global
	GlobalSection(SolutionConfigurationPlatforms) = preSolution
		Debug|Any CPU = Debug|Any CPU
		Release|Any CPU = Release|Any CPU
	EndGlobalSection
	GlobalSection(ProjectConfigurationPlatforms) = postSolution
		{2C20F616-6D02-4632-9AB3-030EAA34ACB8}.Debug|Any CPU.ActiveCfg = Debug|Any CPU
		{2C20F616-6D02-4632-9AB3-030EAA34ACB8}.Debug|Any CPU.Build.0 = Debug|Any CPU
		{2C20F616-6D02-4632-9AB3-030EAA34ACB8}.Release|Any CPU.ActiveCfg = Release|Any CPU
		{2C20F616-6D02-4632-9AB3-030EAA34ACB8}.Release|Any CPU.Build.0 = Release|Any CPU
	EndGlobalSection
	GlobalSection(SolutionProperties) = preSolution
		HideSolutionNode = FALSE
	EndGlobalSection
	GlobalSection(ExtensibilityGlobals) = postSolution
		SolutionGuid = {F1077C47-5A8D-4427-A8C2-4F8E83C36885}
	EndGlobalSection
EndGlobal
